
Microsoft Visual Studio Solution File, Format Version 12.00
# Visual Studio Version 17
VisualStudioVersion = 17.5.002.0
MinimumVisualStudioVersion = 10.0.40219.1
Project("{9A19103F-16F7-4668-BE54-9A1E7A4F7556}") = "Rekürsif ve Extension Metotlar", "Rekürsif ve Extension Metotlar.csproj", "{3C67A038-F7DD-453A-BF88-4E0A61A688CC}"
EndProject
Global
	GlobalSection(SolutionConfigurationPlatforms) = preSolution
		Debug|Any CPU = Debug|Any CPU
		Release|Any CPU = Release|Any CPU
	EndGlobalSection
	GlobalSection(ProjectConfigurationPlatforms) = postSolution
		{3C67A038-F7DD-453A-BF88-4E0A61A688CC}.Debug|Any CPU.ActiveCfg = Debug|Any CPU
		{3C67A038-F7DD-453A-BF88-4E0A61A688CC}.Debug|Any CPU.Build.0 = Debug|Any CPU
		{3C67A038-F7DD-453A-BF88-4E0A61A688CC}.Release|Any CPU.ActiveCfg = Release|Any CPU
		{3C67A038-F7DD-453A-BF88-4E0A61A688CC}.Release|Any CPU.Build.0 = Release|Any CPU
	EndGlobalSection
	GlobalSection(SolutionProperties) = preSolution
		HideSolutionNode = FALSE
	EndGlobalSection
	GlobalSection(ExtensibilityGlobals) = postSolution
		SolutionGuid = {9488E946-3508-42F7-9CAA-F6F9041DEE3A}
	EndGlobalSection
EndGlobal
