
Microsoft Visual Studio Solution File, Format Version 12.00
# Visual Studio Version 17
VisualStudioVersion = 17.5.002.0
MinimumVisualStudioVersion = 10.0.40219.1
Project("{9A19103F-16F7-4668-BE54-9A1E7A4F7556}") = "Struct(Yapı) Kavramı", "Struct(Yapı) Kavramı.csproj", "{E87B5040-67A5-408F-82E9-E1FBDEA4AE81}"
EndProject
Global
	GlobalSection(SolutionConfigurationPlatforms) = preSolution
		Debug|Any CPU = Debug|Any CPU
		Release|Any CPU = Release|Any CPU
	EndGlobalSection
	GlobalSection(ProjectConfigurationPlatforms) = postSolution
		{E87B5040-67A5-408F-82E9-E1FBDEA4AE81}.Debug|Any CPU.ActiveCfg = Debug|Any CPU
		{E87B5040-67A5-408F-82E9-E1FBDEA4AE81}.Debug|Any CPU.Build.0 = Debug|Any CPU
		{E87B5040-67A5-408F-82E9-E1FBDEA4AE81}.Release|Any CPU.ActiveCfg = Release|Any CPU
		{E87B5040-67A5-408F-82E9-E1FBDEA4AE81}.Release|Any CPU.Build.0 = Release|Any CPU
	EndGlobalSection
	GlobalSection(SolutionProperties) = preSolution
		HideSolutionNode = FALSE
	EndGlobalSection
	GlobalSection(ExtensibilityGlobals) = postSolution
		SolutionGuid = {16AF1EA6-DE8A-43AC-B5E7-827563926CD9}
	EndGlobalSection
EndGlobal
