Microsoft Visual Studio Solution File, Format Version 12.00
# Visual Studio Version 17
VisualStudioVersion = 17.5.2.0
MinimumVisualStudioVersion = 10.0.40219.1
Project("{FAE04EC0-301F-11D3-BF4B-00C04F79EFBC}") = "Square Even Numbers With Csharp", "Square Even Numbers With Csharp.csproj", "{4445B67A-57FE-56AE-5C23-46DA5EA19A8E}"
EndProject
Global
	GlobalSection(SolutionConfigurationPlatforms) = preSolution
		Debug|Any CPU = Debug|Any CPU
		Release|Any CPU = Release|Any CPU
	EndGlobalSection
	GlobalSection(ProjectConfigurationPlatforms) = postSolution
		{4445B67A-57FE-56AE-5C23-46DA5EA19A8E}.Debug|Any CPU.ActiveCfg = Debug|Any CPU
		{4445B67A-57FE-56AE-5C23-46DA5EA19A8E}.Debug|Any CPU.Build.0 = Debug|Any CPU
		{4445B67A-57FE-56AE-5C23-46DA5EA19A8E}.Release|Any CPU.ActiveCfg = Release|Any CPU
		{4445B67A-57FE-56AE-5C23-46DA5EA19A8E}.Release|Any CPU.Build.0 = Release|Any CPU
	EndGlobalSection
	GlobalSection(SolutionProperties) = preSolution
		HideSolutionNode = FALSE
	EndGlobalSection
	GlobalSection(ExtensibilityGlobals) = postSolution
		SolutionGuid = {444C76CA-2D0D-4171-9B14-0561D56E93CD}
	EndGlobalSection
EndGlobal
