
Microsoft Visual Studio Solution File, Format Version 12.00
# Visual Studio Version 17
VisualStudioVersion = 17.5.002.0
MinimumVisualStudioVersion = 10.0.40219.1
Project("{9A19103F-16F7-4668-BE54-9A1E7A4F7556}") = "While_Foreach", "While_Foreach.csproj", "{17560A89-8C03-42B9-9EB1-3EA4CBA39CE4}"
EndProject
Global
	GlobalSection(SolutionConfigurationPlatforms) = preSolution
		Debug|Any CPU = Debug|Any CPU
		Release|Any CPU = Release|Any CPU
	EndGlobalSection
	GlobalSection(ProjectConfigurationPlatforms) = postSolution
		{17560A89-8C03-42B9-9EB1-3EA4CBA39CE4}.Debug|Any CPU.ActiveCfg = Debug|Any CPU
		{17560A89-8C03-42B9-9EB1-3EA4CBA39CE4}.Debug|Any CPU.Build.0 = Debug|Any CPU
		{17560A89-8C03-42B9-9EB1-3EA4CBA39CE4}.Release|Any CPU.ActiveCfg = Release|Any CPU
		{17560A89-8C03-42B9-9EB1-3EA4CBA39CE4}.Release|Any CPU.Build.0 = Release|Any CPU
	EndGlobalSection
	GlobalSection(SolutionProperties) = preSolution
		HideSolutionNode = FALSE
	EndGlobalSection
	GlobalSection(ExtensibilityGlobals) = postSolution
		SolutionGuid = {BAB0270B-4512-432B-A6E4-B8296A3584EE}
	EndGlobalSection
EndGlobal
