
Microsoft Visual Studio Solution File, Format Version 12.00
# Visual Studio Version 17
VisualStudioVersion = 17.5.002.0
MinimumVisualStudioVersion = 10.0.40219.1
Project("{9A19103F-16F7-4668-BE54-9A1E7A4F7556}") = "For Loop ve Break Continue Ifadeleri", "For Loop ve Break Continue Ifadeleri.csproj", "{387848BC-51D1-4D01-9DEA-908240B68AE5}"
EndProject
Global
	GlobalSection(SolutionConfigurationPlatforms) = preSolution
		Debug|Any CPU = Debug|Any CPU
		Release|Any CPU = Release|Any CPU
	EndGlobalSection
	GlobalSection(ProjectConfigurationPlatforms) = postSolution
		{387848BC-51D1-4D01-9DEA-908240B68AE5}.Debug|Any CPU.ActiveCfg = Debug|Any CPU
		{387848BC-51D1-4D01-9DEA-908240B68AE5}.Debug|Any CPU.Build.0 = Debug|Any CPU
		{387848BC-51D1-4D01-9DEA-908240B68AE5}.Release|Any CPU.ActiveCfg = Release|Any CPU
		{387848BC-51D1-4D01-9DEA-908240B68AE5}.Release|Any CPU.Build.0 = Release|Any CPU
	EndGlobalSection
	GlobalSection(SolutionProperties) = preSolution
		HideSolutionNode = FALSE
	EndGlobalSection
	GlobalSection(ExtensibilityGlobals) = postSolution
		SolutionGuid = {0B23F412-F584-4076-A144-14F4CDDD9C01}
	EndGlobalSection
EndGlobal
